
Microsoft Visual Studio Solution File, Format Version 12.00
# Visual Studio Version 16
VisualStudioVersion = 16.0.29020.237
MinimumVisualStudioVersion = 10.0.40219.1
Project("{9A19103F-16F7-4668-BE54-9A1E7A4F7556}") = "Mainapp.Domain", "src\Mainapp.Domain\Mainapp.Domain.csproj", "{554AD327-6DBA-4F8F-96F8-81CE7A0C863F}"
EndProject
Project("{9A19103F-16F7-4668-BE54-9A1E7A4F7556}") = "Mainapp.Application", "src\Mainapp.Application\Mainapp.Application.csproj", "{1A94A50E-06DC-43C1-80B5-B662820EC3EB}"
EndProject
Project("{9A19103F-16F7-4668-BE54-9A1E7A4F7556}") = "Mainapp.EntityFrameworkCore", "src\Mainapp.EntityFrameworkCore\Mainapp.EntityFrameworkCore.csproj", "{C956DD76-69C8-4A9C-83EA-D17DF83340FD}"
EndProject
Project("{9A19103F-16F7-4668-BE54-9A1E7A4F7556}") = "Mainapp.Web", "src\Mainapp.Web\Mainapp.Web.csproj", "{068855E8-9240-4F1A-910B-CF825794513B}"
EndProject
Project("{2150E333-8FDC-42A3-9474-1A3956D46DE8}") = "src", "src", "{CA9AC87F-097E-4F15-8393-4BC07735A5B0}"
EndProject
Project("{2150E333-8FDC-42A3-9474-1A3956D46DE8}") = "test", "test", "{04DBDB01-70F4-4E06-B468-8F87850B22BE}"
EndProject
Project("{9A19103F-16F7-4668-BE54-9A1E7A4F7556}") = "Mainapp.Application.Tests", "test\Mainapp.Application.Tests\Mainapp.Application.Tests.csproj", "{50B2631D-129C-47B3-A587-029CCD6099BC}"
EndProject
Project("{9A19103F-16F7-4668-BE54-9A1E7A4F7556}") = "Mainapp.Web.Tests", "test\Mainapp.Web.Tests\Mainapp.Web.Tests.csproj", "{5F1B28C6-8D0C-4155-92D0-252F7EA5F674}"
EndProject
Project("{9A19103F-16F7-4668-BE54-9A1E7A4F7556}") = "Mainapp.Domain.Shared", "src\Mainapp.Domain.Shared\Mainapp.Domain.Shared.csproj", "{42F719ED-8413-4895-B5B4-5AB56079BC66}"
EndProject
Project("{9A19103F-16F7-4668-BE54-9A1E7A4F7556}") = "Mainapp.Application.Contracts", "src\Mainapp.Application.Contracts\Mainapp.Application.Contracts.csproj", "{520659C8-C734-4298-A3DA-B539DB9DFC0B}"
EndProject
Project("{9A19103F-16F7-4668-BE54-9A1E7A4F7556}") = "Mainapp.HttpApi", "src\Mainapp.HttpApi\Mainapp.HttpApi.csproj", "{4164BDF7-F527-4E85-9CE6-E3C2D7426A27}"
EndProject
Project("{9A19103F-16F7-4668-BE54-9A1E7A4F7556}") = "Mainapp.HttpApi.Client", "src\Mainapp.HttpApi.Client\Mainapp.HttpApi.Client.csproj", "{3B5A0094-670D-4BB1-BFDD-61B88A8773DC}"
EndProject
Project("{9A19103F-16F7-4668-BE54-9A1E7A4F7556}") = "Mainapp.EntityFrameworkCore.Tests", "test\Mainapp.EntityFrameworkCore.Tests\Mainapp.EntityFrameworkCore.Tests.csproj", "{1FE30EB9-74A9-47F5-A9F6-7B1FAB672D81}"
EndProject
Project("{9A19103F-16F7-4668-BE54-9A1E7A4F7556}") = "Mainapp.TestBase", "test\Mainapp.TestBase\Mainapp.TestBase.csproj", "{91853F21-9CD9-4132-BC29-A7D5D84FFFE7}"
EndProject
Project("{9A19103F-16F7-4668-BE54-9A1E7A4F7556}") = "Mainapp.Domain.Tests", "test\Mainapp.Domain.Tests\Mainapp.Domain.Tests.csproj", "{E512F4D9-9375-480F-A2F6-A46509F9D824}"
EndProject
Project("{9A19103F-16F7-4668-BE54-9A1E7A4F7556}") = "Mainapp.HttpApi.Client.ConsoleTestApp", "test\Mainapp.HttpApi.Client.ConsoleTestApp\Mainapp.HttpApi.Client.ConsoleTestApp.csproj", "{EF480016-9127-4916-8735-D2466BDBC582}"
EndProject
Project("{9A19103F-16F7-4668-BE54-9A1E7A4F7556}") = "Mainapp.DbMigrator", "src\Mainapp.DbMigrator\Mainapp.DbMigrator.csproj", "{AA94D832-1CCC-4715-95A9-A483F23A1A5D}"
EndProject
Project("{2150E333-8FDC-42A3-9474-1A3956D46DE8}") = "Modules", "Modules", "{354D3B3A-25A6-47F2-96EC-B79BD5A4A678}"
EndProject
Project("{2150E333-8FDC-42A3-9474-1A3956D46DE8}") = "ModelA", "ModelA", "{CCB1B582-AC13-4DCC-9E62-55F2FFA10BCE}"
EndProject
Project("{FAE04EC0-301F-11D3-BF4B-00C04F79EFBC}") = "ModelA.Web", "Modules\ModelA\src\ModelA.Web\ModelA.Web.csproj", "{7DB05092-6FF2-433D-B1E3-62AAB5BCD8AA}"
EndProject
Project("{FAE04EC0-301F-11D3-BF4B-00C04F79EFBC}") = "ModelA.HttpApi.Client", "Modules\ModelA\src\ModelA.HttpApi.Client\ModelA.HttpApi.Client.csproj", "{273D7355-AD4B-4E73-BC44-6FEAAFF486CE}"
EndProject
Project("{FAE04EC0-301F-11D3-BF4B-00C04F79EFBC}") = "ModelA.HttpApi", "Modules\ModelA\src\ModelA.HttpApi\ModelA.HttpApi.csproj", "{3F6D38E4-E0AC-4127-9292-8A22C7F02330}"
EndProject
Project("{FAE04EC0-301F-11D3-BF4B-00C04F79EFBC}") = "ModelA.Domain.Shared", "Modules\ModelA\src\ModelA.Domain.Shared\ModelA.Domain.Shared.csproj", "{9D338D4F-1922-4052-B218-F6A81F6352A4}"
EndProject
Project("{FAE04EC0-301F-11D3-BF4B-00C04F79EFBC}") = "ModelA.Domain", "Modules\ModelA\src\ModelA.Domain\ModelA.Domain.csproj", "{7D887388-0D9C-4245-BEC3-8AE18738BC70}"
EndProject
Project("{FAE04EC0-301F-11D3-BF4B-00C04F79EFBC}") = "ModelA.EntityFrameworkCore", "Modules\ModelA\src\ModelA.EntityFrameworkCore\ModelA.EntityFrameworkCore.csproj", "{98172DD1-2F89-4E30-A1AB-0C4D0F7021CA}"
EndProject
Project("{FAE04EC0-301F-11D3-BF4B-00C04F79EFBC}") = "ModelA.Application.Contracts", "Modules\ModelA\src\ModelA.Application.Contracts\ModelA.Application.Contracts.csproj", "{06F40C29-16BA-4F25-9085-17665740161E}"
EndProject
Project("{FAE04EC0-301F-11D3-BF4B-00C04F79EFBC}") = "ModelA.Application", "Modules\ModelA\src\ModelA.Application\ModelA.Application.csproj", "{4C3BD594-AE68-4E26-B315-6B59F816009E}"
EndProject
Project("{FAE04EC0-301F-11D3-BF4B-00C04F79EFBC}") = "ModelA.HttpApi.Host", "Modules\ModelA\host\ModelA.HttpApi.Host\ModelA.HttpApi.Host.csproj", "{2A3BD038-747E-46C8-B468-F2908884A212}"
EndProject
Global
	GlobalSection(SolutionConfigurationPlatforms) = preSolution
		Debug|Any CPU = Debug|Any CPU
		Release|Any CPU = Release|Any CPU
	EndGlobalSection
	GlobalSection(ProjectConfigurationPlatforms) = postSolution
		{554AD327-6DBA-4F8F-96F8-81CE7A0C863F}.Debug|Any CPU.ActiveCfg = Debug|Any CPU
		{554AD327-6DBA-4F8F-96F8-81CE7A0C863F}.Debug|Any CPU.Build.0 = Debug|Any CPU
		{554AD327-6DBA-4F8F-96F8-81CE7A0C863F}.Release|Any CPU.ActiveCfg = Release|Any CPU
		{554AD327-6DBA-4F8F-96F8-81CE7A0C863F}.Release|Any CPU.Build.0 = Release|Any CPU
		{1A94A50E-06DC-43C1-80B5-B662820EC3EB}.Debug|Any CPU.ActiveCfg = Debug|Any CPU
		{1A94A50E-06DC-43C1-80B5-B662820EC3EB}.Debug|Any CPU.Build.0 = Debug|Any CPU
		{1A94A50E-06DC-43C1-80B5-B662820EC3EB}.Release|Any CPU.ActiveCfg = Release|Any CPU
		{1A94A50E-06DC-43C1-80B5-B662820EC3EB}.Release|Any CPU.Build.0 = Release|Any CPU
		{C956DD76-69C8-4A9C-83EA-D17DF83340FD}.Debug|Any CPU.ActiveCfg = Debug|Any CPU
		{C956DD76-69C8-4A9C-83EA-D17DF83340FD}.Debug|Any CPU.Build.0 = Debug|Any CPU
		{C956DD76-69C8-4A9C-83EA-D17DF83340FD}.Release|Any CPU.ActiveCfg = Release|Any CPU
		{C956DD76-69C8-4A9C-83EA-D17DF83340FD}.Release|Any CPU.Build.0 = Release|Any CPU
		{068855E8-9240-4F1A-910B-CF825794513B}.Debug|Any CPU.ActiveCfg = Debug|Any CPU
		{068855E8-9240-4F1A-910B-CF825794513B}.Debug|Any CPU.Build.0 = Debug|Any CPU
		{068855E8-9240-4F1A-910B-CF825794513B}.Release|Any CPU.ActiveCfg = Release|Any CPU
		{068855E8-9240-4F1A-910B-CF825794513B}.Release|Any CPU.Build.0 = Release|Any CPU
		{50B2631D-129C-47B3-A587-029CCD6099BC}.Debug|Any CPU.ActiveCfg = Debug|Any CPU
		{50B2631D-129C-47B3-A587-029CCD6099BC}.Debug|Any CPU.Build.0 = Debug|Any CPU
		{50B2631D-129C-47B3-A587-029CCD6099BC}.Release|Any CPU.ActiveCfg = Release|Any CPU
		{50B2631D-129C-47B3-A587-029CCD6099BC}.Release|Any CPU.Build.0 = Release|Any CPU
		{5F1B28C6-8D0C-4155-92D0-252F7EA5F674}.Debug|Any CPU.ActiveCfg = Debug|Any CPU
		{5F1B28C6-8D0C-4155-92D0-252F7EA5F674}.Debug|Any CPU.Build.0 = Debug|Any CPU
		{5F1B28C6-8D0C-4155-92D0-252F7EA5F674}.Release|Any CPU.ActiveCfg = Release|Any CPU
		{5F1B28C6-8D0C-4155-92D0-252F7EA5F674}.Release|Any CPU.Build.0 = Release|Any CPU
		{42F719ED-8413-4895-B5B4-5AB56079BC66}.Debug|Any CPU.ActiveCfg = Debug|Any CPU
		{42F719ED-8413-4895-B5B4-5AB56079BC66}.Debug|Any CPU.Build.0 = Debug|Any CPU
		{42F719ED-8413-4895-B5B4-5AB56079BC66}.Release|Any CPU.ActiveCfg = Release|Any CPU
		{42F719ED-8413-4895-B5B4-5AB56079BC66}.Release|Any CPU.Build.0 = Release|Any CPU
		{520659C8-C734-4298-A3DA-B539DB9DFC0B}.Debug|Any CPU.ActiveCfg = Debug|Any CPU
		{520659C8-C734-4298-A3DA-B539DB9DFC0B}.Debug|Any CPU.Build.0 = Debug|Any CPU
		{520659C8-C734-4298-A3DA-B539DB9DFC0B}.Release|Any CPU.ActiveCfg = Release|Any CPU
		{520659C8-C734-4298-A3DA-B539DB9DFC0B}.Release|Any CPU.Build.0 = Release|Any CPU
		{4164BDF7-F527-4E85-9CE6-E3C2D7426A27}.Debug|Any CPU.ActiveCfg = Debug|Any CPU
		{4164BDF7-F527-4E85-9CE6-E3C2D7426A27}.Debug|Any CPU.Build.0 = Debug|Any CPU
		{4164BDF7-F527-4E85-9CE6-E3C2D7426A27}.Release|Any CPU.ActiveCfg = Release|Any CPU
		{4164BDF7-F527-4E85-9CE6-E3C2D7426A27}.Release|Any CPU.Build.0 = Release|Any CPU
		{3B5A0094-670D-4BB1-BFDD-61B88A8773DC}.Debug|Any CPU.ActiveCfg = Debug|Any CPU
		{3B5A0094-670D-4BB1-BFDD-61B88A8773DC}.Debug|Any CPU.Build.0 = Debug|Any CPU
		{3B5A0094-670D-4BB1-BFDD-61B88A8773DC}.Release|Any CPU.ActiveCfg = Release|Any CPU
		{3B5A0094-670D-4BB1-BFDD-61B88A8773DC}.Release|Any CPU.Build.0 = Release|Any CPU
		{1FE30EB9-74A9-47F5-A9F6-7B1FAB672D81}.Debug|Any CPU.ActiveCfg = Debug|Any CPU
		{1FE30EB9-74A9-47F5-A9F6-7B1FAB672D81}.Debug|Any CPU.Build.0 = Debug|Any CPU
		{1FE30EB9-74A9-47F5-A9F6-7B1FAB672D81}.Release|Any CPU.ActiveCfg = Release|Any CPU
		{1FE30EB9-74A9-47F5-A9F6-7B1FAB672D81}.Release|Any CPU.Build.0 = Release|Any CPU
		{91853F21-9CD9-4132-BC29-A7D5D84FFFE7}.Debug|Any CPU.ActiveCfg = Debug|Any CPU
		{91853F21-9CD9-4132-BC29-A7D5D84FFFE7}.Debug|Any CPU.Build.0 = Debug|Any CPU
		{91853F21-9CD9-4132-BC29-A7D5D84FFFE7}.Release|Any CPU.ActiveCfg = Release|Any CPU
		{91853F21-9CD9-4132-BC29-A7D5D84FFFE7}.Release|Any CPU.Build.0 = Release|Any CPU
		{E512F4D9-9375-480F-A2F6-A46509F9D824}.Debug|Any CPU.ActiveCfg = Debug|Any CPU
		{E512F4D9-9375-480F-A2F6-A46509F9D824}.Debug|Any CPU.Build.0 = Debug|Any CPU
		{E512F4D9-9375-480F-A2F6-A46509F9D824}.Release|Any CPU.ActiveCfg = Release|Any CPU
		{E512F4D9-9375-480F-A2F6-A46509F9D824}.Release|Any CPU.Build.0 = Release|Any CPU
		{EF480016-9127-4916-8735-D2466BDBC582}.Debug|Any CPU.ActiveCfg = Debug|Any CPU
		{EF480016-9127-4916-8735-D2466BDBC582}.Debug|Any CPU.Build.0 = Debug|Any CPU
		{EF480016-9127-4916-8735-D2466BDBC582}.Release|Any CPU.ActiveCfg = Release|Any CPU
		{EF480016-9127-4916-8735-D2466BDBC582}.Release|Any CPU.Build.0 = Release|Any CPU
		{AA94D832-1CCC-4715-95A9-A483F23A1A5D}.Debug|Any CPU.ActiveCfg = Debug|Any CPU
		{AA94D832-1CCC-4715-95A9-A483F23A1A5D}.Debug|Any CPU.Build.0 = Debug|Any CPU
		{AA94D832-1CCC-4715-95A9-A483F23A1A5D}.Release|Any CPU.ActiveCfg = Release|Any CPU
		{AA94D832-1CCC-4715-95A9-A483F23A1A5D}.Release|Any CPU.Build.0 = Release|Any CPU
		{7DB05092-6FF2-433D-B1E3-62AAB5BCD8AA}.Debug|Any CPU.ActiveCfg = Debug|Any CPU
		{7DB05092-6FF2-433D-B1E3-62AAB5BCD8AA}.Debug|Any CPU.Build.0 = Debug|Any CPU
		{7DB05092-6FF2-433D-B1E3-62AAB5BCD8AA}.Release|Any CPU.ActiveCfg = Release|Any CPU
		{7DB05092-6FF2-433D-B1E3-62AAB5BCD8AA}.Release|Any CPU.Build.0 = Release|Any CPU
		{273D7355-AD4B-4E73-BC44-6FEAAFF486CE}.Debug|Any CPU.ActiveCfg = Debug|Any CPU
		{273D7355-AD4B-4E73-BC44-6FEAAFF486CE}.Debug|Any CPU.Build.0 = Debug|Any CPU
		{273D7355-AD4B-4E73-BC44-6FEAAFF486CE}.Release|Any CPU.ActiveCfg = Release|Any CPU
		{273D7355-AD4B-4E73-BC44-6FEAAFF486CE}.Release|Any CPU.Build.0 = Release|Any CPU
		{3F6D38E4-E0AC-4127-9292-8A22C7F02330}.Debug|Any CPU.ActiveCfg = Debug|Any CPU
		{3F6D38E4-E0AC-4127-9292-8A22C7F02330}.Debug|Any CPU.Build.0 = Debug|Any CPU
		{3F6D38E4-E0AC-4127-9292-8A22C7F02330}.Release|Any CPU.ActiveCfg = Release|Any CPU
		{3F6D38E4-E0AC-4127-9292-8A22C7F02330}.Release|Any CPU.Build.0 = Release|Any CPU
		{9D338D4F-1922-4052-B218-F6A81F6352A4}.Debug|Any CPU.ActiveCfg = Debug|Any CPU
		{9D338D4F-1922-4052-B218-F6A81F6352A4}.Debug|Any CPU.Build.0 = Debug|Any CPU
		{9D338D4F-1922-4052-B218-F6A81F6352A4}.Release|Any CPU.ActiveCfg = Release|Any CPU
		{9D338D4F-1922-4052-B218-F6A81F6352A4}.Release|Any CPU.Build.0 = Release|Any CPU
		{7D887388-0D9C-4245-BEC3-8AE18738BC70}.Debug|Any CPU.ActiveCfg = Debug|Any CPU
		{7D887388-0D9C-4245-BEC3-8AE18738BC70}.Debug|Any CPU.Build.0 = Debug|Any CPU
		{7D887388-0D9C-4245-BEC3-8AE18738BC70}.Release|Any CPU.ActiveCfg = Release|Any CPU
		{7D887388-0D9C-4245-BEC3-8AE18738BC70}.Release|Any CPU.Build.0 = Release|Any CPU
		{98172DD1-2F89-4E30-A1AB-0C4D0F7021CA}.Debug|Any CPU.ActiveCfg = Debug|Any CPU
		{98172DD1-2F89-4E30-A1AB-0C4D0F7021CA}.Debug|Any CPU.Build.0 = Debug|Any CPU
		{98172DD1-2F89-4E30-A1AB-0C4D0F7021CA}.Release|Any CPU.ActiveCfg = Release|Any CPU
		{98172DD1-2F89-4E30-A1AB-0C4D0F7021CA}.Release|Any CPU.Build.0 = Release|Any CPU
		{06F40C29-16BA-4F25-9085-17665740161E}.Debug|Any CPU.ActiveCfg = Debug|Any CPU
		{06F40C29-16BA-4F25-9085-17665740161E}.Debug|Any CPU.Build.0 = Debug|Any CPU
		{06F40C29-16BA-4F25-9085-17665740161E}.Release|Any CPU.ActiveCfg = Release|Any CPU
		{06F40C29-16BA-4F25-9085-17665740161E}.Release|Any CPU.Build.0 = Release|Any CPU
		{4C3BD594-AE68-4E26-B315-6B59F816009E}.Debug|Any CPU.ActiveCfg = Debug|Any CPU
		{4C3BD594-AE68-4E26-B315-6B59F816009E}.Debug|Any CPU.Build.0 = Debug|Any CPU
		{4C3BD594-AE68-4E26-B315-6B59F816009E}.Release|Any CPU.ActiveCfg = Release|Any CPU
		{4C3BD594-AE68-4E26-B315-6B59F816009E}.Release|Any CPU.Build.0 = Release|Any CPU
		{2A3BD038-747E-46C8-B468-F2908884A212}.Debug|Any CPU.ActiveCfg = Debug|Any CPU
		{2A3BD038-747E-46C8-B468-F2908884A212}.Debug|Any CPU.Build.0 = Debug|Any CPU
		{2A3BD038-747E-46C8-B468-F2908884A212}.Release|Any CPU.ActiveCfg = Release|Any CPU
		{2A3BD038-747E-46C8-B468-F2908884A212}.Release|Any CPU.Build.0 = Release|Any CPU
	EndGlobalSection
	GlobalSection(SolutionProperties) = preSolution
		HideSolutionNode = FALSE
	EndGlobalSection
	GlobalSection(NestedProjects) = preSolution
		{554AD327-6DBA-4F8F-96F8-81CE7A0C863F} = {CA9AC87F-097E-4F15-8393-4BC07735A5B0}
		{1A94A50E-06DC-43C1-80B5-B662820EC3EB} = {CA9AC87F-097E-4F15-8393-4BC07735A5B0}
		{C956DD76-69C8-4A9C-83EA-D17DF83340FD} = {CA9AC87F-097E-4F15-8393-4BC07735A5B0}
		{068855E8-9240-4F1A-910B-CF825794513B} = {CA9AC87F-097E-4F15-8393-4BC07735A5B0}
		{50B2631D-129C-47B3-A587-029CCD6099BC} = {04DBDB01-70F4-4E06-B468-8F87850B22BE}
		{5F1B28C6-8D0C-4155-92D0-252F7EA5F674} = {04DBDB01-70F4-4E06-B468-8F87850B22BE}
		{42F719ED-8413-4895-B5B4-5AB56079BC66} = {CA9AC87F-097E-4F15-8393-4BC07735A5B0}
		{520659C8-C734-4298-A3DA-B539DB9DFC0B} = {CA9AC87F-097E-4F15-8393-4BC07735A5B0}
		{4164BDF7-F527-4E85-9CE6-E3C2D7426A27} = {CA9AC87F-097E-4F15-8393-4BC07735A5B0}
		{3B5A0094-670D-4BB1-BFDD-61B88A8773DC} = {CA9AC87F-097E-4F15-8393-4BC07735A5B0}
		{1FE30EB9-74A9-47F5-A9F6-7B1FAB672D81} = {04DBDB01-70F4-4E06-B468-8F87850B22BE}
		{91853F21-9CD9-4132-BC29-A7D5D84FFFE7} = {04DBDB01-70F4-4E06-B468-8F87850B22BE}
		{E512F4D9-9375-480F-A2F6-A46509F9D824} = {04DBDB01-70F4-4E06-B468-8F87850B22BE}
		{EF480016-9127-4916-8735-D2466BDBC582} = {04DBDB01-70F4-4E06-B468-8F87850B22BE}
		{AA94D832-1CCC-4715-95A9-A483F23A1A5D} = {CA9AC87F-097E-4F15-8393-4BC07735A5B0}
		{CCB1B582-AC13-4DCC-9E62-55F2FFA10BCE} = {354D3B3A-25A6-47F2-96EC-B79BD5A4A678}
		{7DB05092-6FF2-433D-B1E3-62AAB5BCD8AA} = {CCB1B582-AC13-4DCC-9E62-55F2FFA10BCE}
		{273D7355-AD4B-4E73-BC44-6FEAAFF486CE} = {CCB1B582-AC13-4DCC-9E62-55F2FFA10BCE}
		{3F6D38E4-E0AC-4127-9292-8A22C7F02330} = {CCB1B582-AC13-4DCC-9E62-55F2FFA10BCE}
		{9D338D4F-1922-4052-B218-F6A81F6352A4} = {CCB1B582-AC13-4DCC-9E62-55F2FFA10BCE}
		{7D887388-0D9C-4245-BEC3-8AE18738BC70} = {CCB1B582-AC13-4DCC-9E62-55F2FFA10BCE}
		{98172DD1-2F89-4E30-A1AB-0C4D0F7021CA} = {CCB1B582-AC13-4DCC-9E62-55F2FFA10BCE}
		{06F40C29-16BA-4F25-9085-17665740161E} = {CCB1B582-AC13-4DCC-9E62-55F2FFA10BCE}
		{4C3BD594-AE68-4E26-B315-6B59F816009E} = {CCB1B582-AC13-4DCC-9E62-55F2FFA10BCE}
		{2A3BD038-747E-46C8-B468-F2908884A212} = {CCB1B582-AC13-4DCC-9E62-55F2FFA10BCE}
	EndGlobalSection
	GlobalSection(ExtensibilityGlobals) = postSolution
		SolutionGuid = {C09128AF-C73F-ED7D-33F5-69BF7D934D50}
	EndGlobalSection
EndGlobal
